// !$*UTF8*$!
{
	archiveVersion = 1;
	classes = {
	};
	objectVersion = 46;
	objects = {

/* Begin PBXBuildFile section */
		641FB3B51C9BB19600F7083D /* LCNavigationDelegate.swift in Sources */ = {isa = PBXBuildFile; fileRef = 641FB3B41C9BB19600F7083D /* LCNavigationDelegate.swift */; settings = {ASSET_TAGS = (); }; };
		641FB3B71C9BC3CD00F7083D /* LCTransitionAnimation.swift in Sources */ = {isa = PBXBuildFile; fileRef = 641FB3B61C9BC3CD00F7083D /* LCTransitionAnimation.swift */; settings = {ASSET_TAGS = (); }; };
		64F443BE1C9BA8E9003864DE /* AppDelegate.swift in Sources */ = {isa = PBXBuildFile; fileRef = 64F443BD1C9BA8E9003864DE /* AppDelegate.swift */; };
		64F443C01C9BA8E9003864DE /* ViewController.swift in Sources */ = {isa = PBXBuildFile; fileRef = 64F443BF1C9BA8E9003864DE /* ViewController.swift */; };
		64F443C31C9BA8E9003864DE /* Main.storyboard in Resources */ = {isa = PBXBuildFile; fileRef = 64F443C11C9BA8E9003864DE /* Main.storyboard */; };
		64F443C51C9BA8E9003864DE /* Assets.xcassets in Resources */ = {isa = PBXBuildFile; fileRef = 64F443C41C9BA8E9003864DE /* Assets.xcassets */; };
		64F443C81C9BA8E9003864DE /* LaunchScreen.storyboard in Resources */ = {isa = PBXBuildFile; fileRef = 64F443C61C9BA8E9003864DE /* LaunchScreen.storyboard */; };
		64F443D31C9BA8E9003864DE /* UIViewControllerAnimationDemoTests.swift in Sources */ = {isa = PBXBuildFile; fileRef = 64F443D21C9BA8E9003864DE /* UIViewControllerAnimationDemoTests.swift */; };
		64F443DE1C9BA8E9003864DE /* UIViewControllerAnimationDemoUITests.swift in Sources */ = {isa = PBXBuildFile; fileRef = 64F443DD1C9BA8E9003864DE /* UIViewControllerAnimationDemoUITests.swift */; };
/* End PBXBuildFile section */

/* Begin PBXContainerItemProxy section */
		64F443CF1C9BA8E9003864DE /* PBXContainerItemProxy */ = {
			isa = PBXContainerItemProxy;
			containerPortal = 64F443B21C9BA8E9003864DE /* Project object */;
			proxyType = 1;
			remoteGlobalIDString = 64F443B91C9BA8E9003864DE;
			remoteInfo = UIViewControllerAnimationDemo;
		};
		64F443DA1C9BA8E9003864DE /* PBXContainerItemProxy */ = {
			isa = PBXContainerItemProxy;
			containerPortal = 64F443B21C9BA8E9003864DE /* Project object */;
			proxyType = 1;
			remoteGlobalIDString = 64F443B91C9BA8E9003864DE;
			remoteInfo = UIViewControllerAnimationDemo;
		};
/* End PBXContainerItemProxy section */

/* Begin PBXFileReference section */
		641FB3B41C9BB19600F7083D /* LCNavigationDelegate.swift */ = {isa = PBXFileReference; fileEncoding = 4; lastKnownFileType = sourcecode.swift; path = LCNavigationDelegate.swift; sourceTree = "<group>"; };
		641FB3B61C9BC3CD00F7083D /* LCTransitionAnimation.swift */ = {isa = PBXFileReference; fileEncoding = 4; lastKnownFileType = sourcecode.swift; path = LCTransitionAnimation.swift; sourceTree = "<group>"; };
		64F443BA1C9BA8E9003864DE /* UIViewControllerAnimationDemo.app */ = {isa = PBXFileReference; explicitFileType = wrapper.application; includeInIndex = 0; path = UIViewControllerAnimationDemo.app; sourceTree = BUILT_PRODUCTS_DIR; };
		64F443BD1C9BA8E9003864DE /* AppDelegate.swift */ = {isa = PBXFileReference; lastKnownFileType = sourcecode.swift; path = AppDelegate.swift; sourceTree = "<group>"; };
		64F443BF1C9BA8E9003864DE /* ViewController.swift */ = {isa = PBXFileReference; lastKnownFileType = sourcecode.swift; path = ViewController.swift; sourceTree = "<group>"; };
		64F443C21C9BA8E9003864DE /* Base */ = {isa = PBXFileReference; lastKnownFileType = file.storyboard; name = Base; path = Base.lproj/Main.storyboard; sourceTree = "<group>"; };
		64F443C41C9BA8E9003864DE /* Assets.xcassets */ = {isa = PBXFileReference; lastKnownFileType = folder.assetcatalog; path = Assets.xcassets; sourceTree = "<group>"; };
		64F443C71C9BA8E9003864DE /* Base */ = {isa = PBXFileReference; lastKnownFileType = file.storyboard; name = Base; path = Base.lproj/LaunchScreen.storyboard; sourceTree = "<group>"; };
		64F443C91C9BA8E9003864DE /* Info.plist */ = {isa = PBXFileReference; lastKnownFileType = text.plist.xml; path = Info.plist; sourceTree = "<group>"; };
		64F443CE1C9BA8E9003864DE /* UIViewControllerAnimationDemoTests.xctest */ = {isa = PBXFileReference; explicitFileType = wrapper.cfbundle; includeInIndex = 0; path = UIViewControllerAnimationDemoTests.xctest; sourceTree = BUILT_PRODUCTS_DIR; };
		64F443D21C9BA8E9003864DE /* UIViewControllerAnimationDemoTests.swift */ = {isa = PBXFileReference; lastKnownFileType = sourcecode.swift; path = UIViewControllerAnimationDemoTests.swift; sourceTree = "<group>"; };
		64F443D41C9BA8E9003864DE /* Info.plist */ = {isa = PBXFileReference; lastKnownFileType = text.plist.xml; path = Info.plist; sourceTree = "<group>"; };
		64F443D91C9BA8E9003864DE /* UIViewControllerAnimationDemoUITests.xctest */ = {isa = PBXFileReference; explicitFileType = wrapper.cfbundle; includeInIndex = 0; path = UIViewControllerAnimationDemoUITests.xctest; sourceTree = BUILT_PRODUCTS_DIR; };
		64F443DD1C9BA8E9003864DE /* UIViewControllerAnimationDemoUITests.swift */ = {isa = PBXFileReference; lastKnownFileType = sourcecode.swift; path = UIViewControllerAnimationDemoUITests.swift; sourceTree = "<group>"; };
		64F443DF1C9BA8E9003864DE /* Info.plist */ = {isa = PBXFileReference; lastKnownFileType = text.plist.xml; path = Info.plist; sourceTree = "<group>"; };
/* End PBXFileReference section */

/* Begin PBXFrameworksBuildPhase section */
		64F443B71C9BA8E9003864DE /* Frameworks */ = {
			isa = PBXFrameworksBuildPhase;
			buildActionMask = 2147483647;
			files = (
			);
			runOnlyForDeploymentPostprocessing = 0;
		};
		64F443CB1C9BA8E9003864DE /* Frameworks */ = {
			isa = PBXFrameworksBuildPhase;
			buildActionMask = 2147483647;
			files = (
			);
			runOnlyForDeploymentPostprocessing = 0;
		};
		64F443D61C9BA8E9003864DE /* Frameworks */ = {
			isa = PBXFrameworksBuildPhase;
			buildActionMask = 2147483647;
			files = (
			);
			runOnlyForDeploymentPostprocessing = 0;
		};
/* End PBXFrameworksBuildPhase section */

/* Begin PBXGroup section */
		64F443B11C9BA8E9003864DE = {
			isa = PBXGroup;
			children = (
				64F443BC1C9BA8E9003864DE /* UIViewControllerAnimationDemo */,
				64F443D11C9BA8E9003864DE /* UIViewControllerAnimationDemoTests */,
				64F443DC1C9BA8E9003864DE /* UIViewControllerAnimationDemoUITests */,
				64F443BB1C9BA8E9003864DE /* Products */,
			);
			sourceTree = "<group>";
		};
		64F443BB1C9BA8E9003864DE /* Products */ = {
			isa = PBXGroup;
			children = (
				64F443BA1C9BA8E9003864DE /* UIViewControllerAnimationDemo.app */,
				64F443CE1C9BA8E9003864DE /* UIViewControllerAnimationDemoTests.xctest */,
				64F443D91C9BA8E9003864DE /* UIViewControllerAnimationDemoUITests.xctest */,
			);
			name = Products;
			sourceTree = "<group>";
		};
		64F443BC1C9BA8E9003864DE /* UIViewControllerAnimationDemo */ = {
			isa = PBXGroup;
			children = (
				64F443BD1C9BA8E9003864DE /* AppDelegate.swift */,
				64F443BF1C9BA8E9003864DE /* ViewController.swift */,
				641FB3B41C9BB19600F7083D /* LCNavigationDelegate.swift */,
				641FB3B61C9BC3CD00F7083D /* LCTransitionAnimation.swift */,
				64F443C11C9BA8E9003864DE /* Main.storyboard */,
				64F443C41C9BA8E9003864DE /* Assets.xcassets */,
				64F443C61C9BA8E9003864DE /* LaunchScreen.storyboard */,
				64F443C91C9BA8E9003864DE /* Info.plist */,
			);
			path = UIViewControllerAnimationDemo;
			sourceTree = "<group>";
		};
		64F443D11C9BA8E9003864DE /* UIViewControllerAnimationDemoTests */ = {
			isa = PBXGroup;
			children = (
				64F443D21C9BA8E9003864DE /* UIViewControllerAnimationDemoTests.swift */,
				64F443D41C9BA8E9003864DE /* Info.plist */,
			);
			path = UIViewControllerAnimationDemoTests;
			sourceTree = "<group>";
		};
		64F443DC1C9BA8E9003864DE /* UIViewControllerAnimationDemoUITests */ = {
			isa = PBXGroup;
			children = (
				64F443DD1C9BA8E9003864DE /* UIViewControllerAnimationDemoUITests.swift */,
				64F443DF1C9BA8E9003864DE /* Info.plist */,
			);
			path = UIViewControllerAnimationDemoUITests;
			sourceTree = "<group>";
		};
/* End PBXGroup section */

/* Begin PBXNativeTarget section */
		64F443B91C9BA8E9003864DE /* UIViewControllerAnimationDemo */ = {
			isa = PBXNativeTarget;
			buildConfigurationList = 64F443E21C9BA8E9003864DE /* Build configuration list for PBXNativeTarget "UIViewControllerAnimationDemo" */;
			buildPhases = (
				64F443B61C9BA8E9003864DE /* Sources */,
				64F443B71C9BA8E9003864DE /* Frameworks */,
				64F443B81C9BA8E9003864DE /* Resources */,
			);
			buildRules = (
			);
			dependencies = (
			);
			name = UIViewControllerAnimationDemo;
			productName = UIViewControllerAnimationDemo;
			productReference = 64F443BA1C9BA8E9003864DE /* UIViewControllerAnimationDemo.app */;
			productType = "com.apple.product-type.application";
		};
		64F443CD1C9BA8E9003864DE /* UIViewControllerAnimationDemoTests */ = {
			isa = PBXNativeTarget;
			buildConfigurationList = 64F443E51C9BA8E9003864DE /* Build configuration list for PBXNativeTarget "UIViewControllerAnimationDemoTests" */;
			buildPhases = (
				64F443CA1C9BA8E9003864DE /* Sources */,
				64F443CB1C9BA8E9003864DE /* Frameworks */,
				64F443CC1C9BA8E9003864DE /* Resources */,
			);
			buildRules = (
			);
			dependencies = (
				64F443D01C9BA8E9003864DE /* PBXTargetDependency */,
			);
			name = UIViewControllerAnimationDemoTests;
			productName = UIViewControllerAnimationDemoTests;
			productReference = 64F443CE1C9BA8E9003864DE /* UIViewControllerAnimationDemoTests.xctest */;
			productType = "com.apple.product-type.bundle.unit-test";
		};
		64F443D81C9BA8E9003864DE /* UIViewControllerAnimationDemoUITests */ = {
			isa = PBXNativeTarget;
			buildConfigurationList = 64F443E81C9BA8E9003864DE /* Build configuration list for PBXNativeTarget "UIViewControllerAnimationDemoUITests" */;
			buildPhases = (
				64F443D51C9BA8E9003864DE /* Sources */,
				64F443D61C9BA8E9003864DE /* Frameworks */,
				64F443D71C9BA8E9003864DE /* Resources */,
			);
			buildRules = (
			);
			dependencies = (
				64F443DB1C9BA8E9003864DE /* PBXTargetDependency */,
			);
			name = UIViewControllerAnimationDemoUITests;
			productName = UIViewControllerAnimationDemoUITests;
			productReference = 64F443D91C9BA8E9003864DE /* UIViewControllerAnimationDemoUITests.xctest */;
			productType = "com.apple.product-type.bundle.ui-testing";
		};
/* End PBXNativeTarget section */

/* Begin PBXProject section */
		64F443B21C9BA8E9003864DE /* Project object */ = {
			isa = PBXProject;
			attributes = {
				LastUpgradeCheck = 0700;
				ORGANIZATIONNAME = "Chana Li";
				TargetAttributes = {
					64F443B91C9BA8E9003864DE = {
						CreatedOnToolsVersion = 7.0.1;
					};
					64F443CD1C9BA8E9003864DE = {
						CreatedOnToolsVersion = 7.0.1;
						TestTargetID = 64F443B91C9BA8E9003864DE;
					};
					64F443D81C9BA8E9003864DE = {
						CreatedOnToolsVersion = 7.0.1;
						TestTargetID = 64F443B91C9BA8E9003864DE;
					};
				};
			};
			buildConfigurationList = 64F443B51C9BA8E9003864DE /* Build configuration list for PBXProject "UIViewControllerAnimationDemo" */;
			compatibilityVersion = "Xcode 3.2";
			developmentRegion = English;
			hasScannedForEncodings = 0;
			knownRegions = (
				en,
				Base,
			);
			mainGroup = 64F443B11C9BA8E9003864DE;
			productRefGroup = 64F443BB1C9BA8E9003864DE /* Products */;
			projectDirPath = "";
			projectRoot = "";
			targets = (
				64F443B91C9BA8E9003864DE /* UIViewControllerAnimationDemo */,
				64F443CD1C9BA8E9003864DE /* UIViewControllerAnimationDemoTests */,
				64F443D81C9BA8E9003864DE /* UIViewControllerAnimationDemoUITests */,
			);
		};
/* End PBXProject section */

/* Begin PBXResourcesBuildPhase section */
		64F443B81C9BA8E9003864DE /* Resources */ = {
			isa = PBXResourcesBuildPhase;
			buildActionMask = 2147483647;
			files = (
				64F443C81C9BA8E9003864DE /* LaunchScreen.storyboard in Resources */,
				64F443C51C9BA8E9003864DE /* Assets.xcassets in Resources */,
				64F443C31C9BA8E9003864DE /* Main.storyboard in Resources */,
			);
			runOnlyForDeploymentPostprocessing = 0;
		};
		64F443CC1C9BA8E9003864DE /* Resources */ = {
			isa = PBXResourcesBuildPhase;
			buildActionMask = 2147483647;
			files = (
			);
			runOnlyForDeploymentPostprocessing = 0;
		};
		64F443D71C9BA8E9003864DE /* Resources */ = {
			isa = PBXResourcesBuildPhase;
			buildActionMask = 2147483647;
			files = (
			);
			runOnlyForDeploymentPostprocessing = 0;
		};
/* End PBXResourcesBuildPhase section */

/* Begin PBXSourcesBuildPhase section */
		64F443B61C9BA8E9003864DE /* Sources */ = {
			isa = PBXSourcesBuildPhase;
			buildActionMask = 2147483647;
			files = (
				641FB3B71C9BC3CD00F7083D /* LCTransitionAnimation.swift in Sources */,
				64F443C01C9BA8E9003864DE /* ViewController.swift in Sources */,
				641FB3B51C9BB19600F7083D /* LCNavigationDelegate.swift in Sources */,
				64F443BE1C9BA8E9003864DE /* AppDelegate.swift in Sources */,
			);
			runOnlyForDeploymentPostprocessing = 0;
		};
		64F443CA1C9BA8E9003864DE /* Sources */ = {
			isa = PBXSourcesBuildPhase;
			buildActionMask = 2147483647;
			files = (
				64F443D31C9BA8E9003864DE /* UIViewControllerAnimationDemoTests.swift in Sources */,
			);
			runOnlyForDeploymentPostprocessing = 0;
		};
		64F443D51C9BA8E9003864DE /* Sources */ = {
			isa = PBXSourcesBuildPhase;
			buildActionMask = 2147483647;
			files = (
				64F443DE1C9BA8E9003864DE /* UIViewControllerAnimationDemoUITests.swift in Sources */,
			);
			runOnlyForDeploymentPostprocessing = 0;
		};
/* End PBXSourcesBuildPhase section */

/* Begin PBXTargetDependency section */
		64F443D01C9BA8E9003864DE /* PBXTargetDependency */ = {
			isa = PBXTargetDependency;
			target = 64F443B91C9BA8E9003864DE /* UIViewControllerAnimationDemo */;
			targetProxy = 64F443CF1C9BA8E9003864DE /* PBXContainerItemProxy */;
		};
		64F443DB1C9BA8E9003864DE /* PBXTargetDependency */ = {
			isa = PBXTargetDependency;
			target = 64F443B91C9BA8E9003864DE /* UIViewControllerAnimationDemo */;
			targetProxy = 64F443DA1C9BA8E9003864DE /* PBXContainerItemProxy */;
		};
/* End PBXTargetDependency section */

/* Begin PBXVariantGroup section */
		64F443C11C9BA8E9003864DE /* Main.storyboard */ = {
			isa = PBXVariantGroup;
			children = (
				64F443C21C9BA8E9003864DE /* Base */,
			);
			name = Main.storyboard;
			sourceTree = "<group>";
		};
		64F443C61C9BA8E9003864DE /* LaunchScreen.storyboard */ = {
			isa = PBXVariantGroup;
			children = (
				64F443C71C9BA8E9003864DE /* Base */,
			);
			name = LaunchScreen.storyboard;
			sourceTree = "<group>";
		};
/* End PBXVariantGroup section */

/* Begin XCBuildConfiguration section */
		64F443E01C9BA8E9003864DE /* Debug */ = {
			isa = XCBuildConfiguration;
			buildSettings = {
				ALWAYS_SEARCH_USER_PATHS = NO;
				CLANG_CXX_LANGUAGE_STANDARD = "gnu++0x";
				CLANG_CXX_LIBRARY = "libc++";
				CLANG_ENABLE_MODULES = YES;
				CLANG_ENABLE_OBJC_ARC = YES;
				CLANG_WARN_BOOL_CONVERSION = YES;
				CLANG_WARN_CONSTANT_CONVERSION = YES;
				CLANG_WARN_DIRECT_OBJC_ISA_USAGE = YES_ERROR;
				CLANG_WARN_EMPTY_BODY = YES;
				CLANG_WARN_ENUM_CONVERSION = YES;
				CLANG_WARN_INT_CONVERSION = YES;
				CLANG_WARN_OBJC_ROOT_CLASS = YES_ERROR;
				CLANG_WARN_UNREACHABLE_CODE = YES;
				CLANG_WARN__DUPLICATE_METHOD_MATCH = YES;
				"CODE_SIGN_IDENTITY[sdk=iphoneos*]" = "iPhone Developer";
				COPY_PHASE_STRIP = NO;
				DEBUG_INFORMATION_FORMAT = dwarf;
				ENABLE_STRICT_OBJC_MSGSEND = YES;
				ENABLE_TESTABILITY = YES;
				GCC_C_LANGUAGE_STANDARD = gnu99;
				GCC_DYNAMIC_NO_PIC = NO;
				GCC_NO_COMMON_BLOCKS = YES;
				GCC_OPTIMIZATION_LEVEL = 0;
				GCC_PREPROCESSOR_DEFINITIONS = (
					"DEBUG=1",
					"$(inherited)",
				);
				GCC_WARN_64_TO_32_BIT_CONVERSION = YES;
				GCC_WARN_ABOUT_RETURN_TYPE = YES_ERROR;
				GCC_WARN_UNDECLARED_SELECTOR = YES;
				GCC_WARN_UNINITIALIZED_AUTOS = YES_AGGRESSIVE;
				GCC_WARN_UNUSED_FUNCTION = YES;
				GCC_WARN_UNUSED_VARIABLE = YES;
				IPHONEOS_DEPLOYMENT_TARGET = 9.0;
				MTL_ENABLE_DEBUG_INFO = YES;
				ONLY_ACTIVE_ARCH = YES;
				SDKROOT = iphoneos;
				SWIFT_OPTIMIZATION_LEVEL = "-Onone";
			};
			name = Debug;
		};
		64F443E11C9BA8E9003864DE /* Release */ = {
			isa = XCBuildConfiguration;
			buildSettings = {
				ALWAYS_SEARCH_USER_PATHS = NO;
				CLANG_CXX_LANGUAGE_STANDARD = "gnu++0x";
				CLANG_CXX_LIBRARY = "libc++";
				CLANG_ENABLE_MODULES = YES;
				CLANG_ENABLE_OBJC_ARC = YES;
				CLANG_WARN_BOOL_CONVERSION = YES;
				CLANG_WARN_CONSTANT_CONVERSION = YES;
				CLANG_WARN_DIRECT_OBJC_ISA_USAGE = YES_ERROR;
				CLANG_WARN_EMPTY_BODY = YES;
				CLANG_WARN_ENUM_CONVERSION = YES;
				CLANG_WARN_INT_CONVERSION = YES;
				CLANG_WARN_OBJC_ROOT_CLASS = YES_ERROR;
				CLANG_WARN_UNREACHABLE_CODE = YES;
				CLANG_WARN__DUPLICATE_METHOD_MATCH = YES;
				"CODE_SIGN_IDENTITY[sdk=iphoneos*]" = "iPhone Developer";
				COPY_PHASE_STRIP = NO;
				DEBUG_INFORMATION_FORMAT = "dwarf-with-dsym";
				ENABLE_NS_ASSERTIONS = NO;
				ENABLE_STRICT_OBJC_MSGSEND = YES;
				GCC_C_LANGUAGE_STANDARD = gnu99;
				GCC_NO_COMMON_BLOCKS = YES;
				GCC_WARN_64_TO_32_BIT_CONVERSION = YES;
				GCC_WARN_ABOUT_RETURN_TYPE = YES_ERROR;
				GCC_WARN_UNDECLARED_SELECTOR = YES;
				GCC_WARN_UNINITIALIZED_AUTOS = YES_AGGRESSIVE;
				GCC_WARN_UNUSED_FUNCTION = YES;
				GCC_WARN_UNUSED_VARIABLE = YES;
				IPHONEOS_DEPLOYMENT_TARGET = 9.0;
				MTL_ENABLE_DEBUG_INFO = NO;
				SDKROOT = iphoneos;
				VALIDATE_PRODUCT = YES;
			};
			name = Release;
		};
		64F443E31C9BA8E9003864DE /* Debug */ = {
			isa = XCBuildConfiguration;
			buildSettings = {
				ASSETCATALOG_COMPILER_APPICON_NAME = AppIcon;
				INFOPLIST_FILE = UIViewControllerAnimationDemo/Info.plist;
				LD_RUNPATH_SEARCH_PATHS = "$(inherited) @executable_path/Frameworks";
				PRODUCT_BUNDLE_IDENTIFIER = LexisNexis.UIViewControllerAnimationDemo;
				PRODUCT_NAME = "$(TARGET_NAME)";
			};
			name = Debug;
		};
		64F443E41C9BA8E9003864DE /* Release */ = {
			isa = XCBuildConfiguration;
			buildSettings = {
				ASSETCATALOG_COMPILER_APPICON_NAME = AppIcon;
				INFOPLIST_FILE = UIViewControllerAnimationDemo/Info.plist;
				LD_RUNPATH_SEARCH_PATHS = "$(inherited) @executable_path/Frameworks";
				PRODUCT_BUNDLE_IDENTIFIER = LexisNexis.UIViewControllerAnimationDemo;
				PRODUCT_NAME = "$(TARGET_NAME)";
			};
			name = Release;
		};
		64F443E61C9BA8E9003864DE /* Debug */ = {
			isa = XCBuildConfiguration;
			buildSettings = {
				BUNDLE_LOADER = "$(TEST_HOST)";
				INFOPLIST_FILE = UIViewControllerAnimationDemoTests/Info.plist;
				LD_RUNPATH_SEARCH_PATHS = "$(inherited) @executable_path/Frameworks @loader_path/Frameworks";
				PRODUCT_BUNDLE_IDENTIFIER = LexisNexis.UIViewControllerAnimationDemoTests;
				PRODUCT_NAME = "$(TARGET_NAME)";
				TEST_HOST = "$(BUILT_PRODUCTS_DIR)/UIViewControllerAnimationDemo.app/UIViewControllerAnimationDemo";
			};
			name = Debug;
		};
		64F443E71C9BA8E9003864DE /* Release */ = {
			isa = XCBuildConfiguration;
			buildSettings = {
				BUNDLE_LOADER = "$(TEST_HOST)";
				INFOPLIST_FILE = UIViewControllerAnimationDemoTests/Info.plist;
				LD_RUNPATH_SEARCH_PATHS = "$(inherited) @executable_path/Frameworks @loader_path/Frameworks";
				PRODUCT_BUNDLE_IDENTIFIER = LexisNexis.UIViewControllerAnimationDemoTests;
				PRODUCT_NAME = "$(TARGET_NAME)";
				TEST_HOST = "$(BUILT_PRODUCTS_DIR)/UIViewControllerAnimationDemo.app/UIViewControllerAnimationDemo";
			};
			name = Release;
		};
		64F443E91C9BA8E9003864DE /* Debug */ = {
			isa = XCBuildConfiguration;
			buildSettings = {
				INFOPLIST_FILE = UIViewControllerAnimationDemoUITests/Info.plist;
				LD_RUNPATH_SEARCH_PATHS = "$(inherited) @executable_path/Frameworks @loader_path/Frameworks";
				PRODUCT_BUNDLE_IDENTIFIER = LexisNexis.UIViewControllerAnimationDemoUITests;
				PRODUCT_NAME = "$(TARGET_NAME)";
				TEST_TARGET_NAME = UIViewControllerAnimationDemo;
				USES_XCTRUNNER = YES;
			};
			name = Debug;
		};
		64F443EA1C9BA8E9003864DE /* Release */ = {
			isa = XCBuildConfiguration;
			buildSettings = {
				INFOPLIST_FILE = UIViewControllerAnimationDemoUITests/Info.plist;
				LD_RUNPATH_SEARCH_PATHS = "$(inherited) @executable_path/Frameworks @loader_path/Frameworks";
				PRODUCT_BUNDLE_IDENTIFIER = LexisNexis.UIViewControllerAnimationDemoUITests;
				PRODUCT_NAME = "$(TARGET_NAME)";
				TEST_TARGET_NAME = UIViewControllerAnimationDemo;
				USES_XCTRUNNER = YES;
			};
			name = Release;
		};
/* End XCBuildConfiguration section */

/* Begin XCConfigurationList section */
		64F443B51C9BA8E9003864DE /* Build configuration list for PBXProject "UIViewControllerAnimationDemo" */ = {
			isa = XCConfigurationList;
			buildConfigurations = (
				64F443E01C9BA8E9003864DE /* Debug */,
				64F443E11C9BA8E9003864DE /* Release */,
			);
			defaultConfigurationIsVisible = 0;
			defaultConfigurationName = Release;
		};
		64F443E21C9BA8E9003864DE /* Build configuration list for PBXNativeTarget "UIViewControllerAnimationDemo" */ = {
			isa = XCConfigurationList;
			buildConfigurations = (
				64F443E31C9BA8E9003864DE /* Debug */,
				64F443E41C9BA8E9003864DE /* Release */,
			);
			defaultConfigurationIsVisible = 0;
			defaultConfigurationName = Release;
		};
		64F443E51C9BA8E9003864DE /* Build configuration list for PBXNativeTarget "UIViewControllerAnimationDemoTests" */ = {
			isa = XCConfigurationList;
			buildConfigurations = (
				64F443E61C9BA8E9003864DE /* Debug */,
				64F443E71C9BA8E9003864DE /* Release */,
			);
			defaultConfigurationIsVisible = 0;
			defaultConfigurationName = Release;
		};
		64F443E81C9BA8E9003864DE /* Build configuration list for PBXNativeTarget "UIViewControllerAnimationDemoUITests" */ = {
			isa = XCConfigurationList;
			buildConfigurations = (
				64F443E91C9BA8E9003864DE /* Debug */,
				64F443EA1C9BA8E9003864DE /* Release */,
			);
			defaultConfigurationIsVisible = 0;
			defaultConfigurationName = Release;
		};
/* End XCConfigurationList section */
	};
	rootObject = 64F443B21C9BA8E9003864DE /* Project object */;
}
